
Microsoft Visual Studio Solution File, Format Version 12.00
# Visual Studio Version 16
VisualStudioVersion = 16.0.29728.190
MinimumVisualStudioVersion = 10.0.40219.1
Project("{FAE04EC0-301F-11D3-BF4B-00C04F79EFBC}") = "RelateITApp.UWP", "RelateITApp.UWP\RelateITApp.UWP.csproj", "{EDE2E175-C457-48A3-8090-8E071866523D}"
EndProject
Project("{FAE04EC0-301F-11D3-BF4B-00C04F79EFBC}") = "RelateITApp.Android", "RelateITApp.Android\RelateITApp.Android.csproj", "{291CFCC6-C000-4089-8971-3D1E26A20770}"
EndProject
Project("{FAE04EC0-301F-11D3-BF4B-00C04F79EFBC}") = "RelateITApp.iOS", "RelateITApp.iOS\RelateITApp.iOS.csproj", "{EB88D8E8-9FC0-4594-A307-2AC038419ECF}"
EndProject
Project("{FAE04EC0-301F-11D3-BF4B-00C04F79EFBC}") = "RelateITApp", "RelateITApp\RelateITApp.csproj", "{1DA44960-EB41-4F11-BDCA-90D1D569BA47}"
EndProject
Global
	GlobalSection(SolutionConfigurationPlatforms) = preSolution
		Debug|Any CPU = Debug|Any CPU
		Debug|ARM = Debug|ARM
		Debug|iPhone = Debug|iPhone
		Debug|iPhoneSimulator = Debug|iPhoneSimulator
		Debug|x64 = Debug|x64
		Debug|x86 = Debug|x86
		Release|Any CPU = Release|Any CPU
		Release|ARM = Release|ARM
		Release|iPhone = Release|iPhone
		Release|iPhoneSimulator = Release|iPhoneSimulator
		Release|x64 = Release|x64
		Release|x86 = Release|x86
	EndGlobalSection
	GlobalSection(ProjectConfigurationPlatforms) = postSolution
		{EDE2E175-C457-48A3-8090-8E071866523D}.Debug|Any CPU.ActiveCfg = Debug|x86
		{EDE2E175-C457-48A3-8090-8E071866523D}.Debug|Any CPU.Build.0 = Debug|x86
		{EDE2E175-C457-48A3-8090-8E071866523D}.Debug|Any CPU.Deploy.0 = Debug|x86
		{EDE2E175-C457-48A3-8090-8E071866523D}.Debug|ARM.ActiveCfg = Debug|ARM
		{EDE2E175-C457-48A3-8090-8E071866523D}.Debug|ARM.Build.0 = Debug|ARM
		{EDE2E175-C457-48A3-8090-8E071866523D}.Debug|ARM.Deploy.0 = Debug|ARM
		{EDE2E175-C457-48A3-8090-8E071866523D}.Debug|iPhone.ActiveCfg = Debug|x86
		{EDE2E175-C457-48A3-8090-8E071866523D}.Debug|iPhone.Build.0 = Debug|x86
		{EDE2E175-C457-48A3-8090-8E071866523D}.Debug|iPhone.Deploy.0 = Debug|x86
		{EDE2E175-C457-48A3-8090-8E071866523D}.Debug|iPhoneSimulator.ActiveCfg = Debug|x86
		{EDE2E175-C457-48A3-8090-8E071866523D}.Debug|iPhoneSimulator.Build.0 = Debug|x86
		{EDE2E175-C457-48A3-8090-8E071866523D}.Debug|iPhoneSimulator.Deploy.0 = Debug|x86
		{EDE2E175-C457-48A3-8090-8E071866523D}.Debug|x64.ActiveCfg = Debug|x64
		{EDE2E175-C457-48A3-8090-8E071866523D}.Debug|x64.Build.0 = Debug|x64
		{EDE2E175-C457-48A3-8090-8E071866523D}.Debug|x64.Deploy.0 = Debug|x64
		{EDE2E175-C457-48A3-8090-8E071866523D}.Debug|x86.ActiveCfg = Debug|x86
		{EDE2E175-C457-48A3-8090-8E071866523D}.Debug|x86.Build.0 = Debug|x86
		{EDE2E175-C457-48A3-8090-8E071866523D}.Debug|x86.Deploy.0 = Debug|x86
		{EDE2E175-C457-48A3-8090-8E071866523D}.Release|Any CPU.ActiveCfg = Release|x86
		{EDE2E175-C457-48A3-8090-8E071866523D}.Release|Any CPU.Build.0 = Release|x86
		{EDE2E175-C457-48A3-8090-8E071866523D}.Release|Any CPU.Deploy.0 = Release|x86
		{EDE2E175-C457-48A3-8090-8E071866523D}.Release|ARM.ActiveCfg = Release|ARM
		{EDE2E175-C457-48A3-8090-8E071866523D}.Release|ARM.Build.0 = Release|ARM
		{EDE2E175-C457-48A3-8090-8E071866523D}.Release|ARM.Deploy.0 = Release|ARM
		{EDE2E175-C457-48A3-8090-8E071866523D}.Release|iPhone.ActiveCfg = Release|x86
		{EDE2E175-C457-48A3-8090-8E071866523D}.Release|iPhone.Build.0 = Release|x86
		{EDE2E175-C457-48A3-8090-8E071866523D}.Release|iPhone.Deploy.0 = Release|x86
		{EDE2E175-C457-48A3-8090-8E071866523D}.Release|iPhoneSimulator.ActiveCfg = Release|x86
		{EDE2E175-C457-48A3-8090-8E071866523D}.Release|iPhoneSimulator.Build.0 = Release|x86
		{EDE2E175-C457-48A3-8090-8E071866523D}.Release|iPhoneSimulator.Deploy.0 = Release|x86
		{EDE2E175-C457-48A3-8090-8E071866523D}.Release|x64.ActiveCfg = Release|x64
		{EDE2E175-C457-48A3-8090-8E071866523D}.Release|x64.Build.0 = Release|x64
		{EDE2E175-C457-48A3-8090-8E071866523D}.Release|x64.Deploy.0 = Release|x64
		{EDE2E175-C457-48A3-8090-8E071866523D}.Release|x86.ActiveCfg = Release|x86
		{EDE2E175-C457-48A3-8090-8E071866523D}.Release|x86.Build.0 = Release|x86
		{EDE2E175-C457-48A3-8090-8E071866523D}.Release|x86.Deploy.0 = Release|x86
		{291CFCC6-C000-4089-8971-3D1E26A20770}.Debug|Any CPU.ActiveCfg = Debug|Any CPU
		{291CFCC6-C000-4089-8971-3D1E26A20770}.Debug|Any CPU.Build.0 = Debug|Any CPU
		{291CFCC6-C000-4089-8971-3D1E26A20770}.Debug|Any CPU.Deploy.0 = Debug|Any CPU
		{291CFCC6-C000-4089-8971-3D1E26A20770}.Debug|ARM.ActiveCfg = Debug|Any CPU
		{291CFCC6-C000-4089-8971-3D1E26A20770}.Debug|ARM.Build.0 = Debug|Any CPU
		{291CFCC6-C000-4089-8971-3D1E26A20770}.Debug|ARM.Deploy.0 = Debug|Any CPU
		{291CFCC6-C000-4089-8971-3D1E26A20770}.Debug|iPhone.ActiveCfg = Debug|Any CPU
		{291CFCC6-C000-4089-8971-3D1E26A20770}.Debug|iPhone.Build.0 = Debug|Any CPU
		{291CFCC6-C000-4089-8971-3D1E26A20770}.Debug|iPhone.Deploy.0 = Debug|Any CPU
		{291CFCC6-C000-4089-8971-3D1E26A20770}.Debug|iPhoneSimulator.ActiveCfg = Debug|Any CPU
		{291CFCC6-C000-4089-8971-3D1E26A20770}.Debug|iPhoneSimulator.Build.0 = Debug|Any CPU
		{291CFCC6-C000-4089-8971-3D1E26A20770}.Debug|iPhoneSimulator.Deploy.0 = Debug|Any CPU
		{291CFCC6-C000-4089-8971-3D1E26A20770}.Debug|x64.ActiveCfg = Debug|Any CPU
		{291CFCC6-C000-4089-8971-3D1E26A20770}.Debug|x64.Build.0 = Debug|Any CPU
		{291CFCC6-C000-4089-8971-3D1E26A20770}.Debug|x64.Deploy.0 = Debug|Any CPU
		{291CFCC6-C000-4089-8971-3D1E26A20770}.Debug|x86.ActiveCfg = Debug|Any CPU
		{291CFCC6-C000-4089-8971-3D1E26A20770}.Debug|x86.Build.0 = Debug|Any CPU
		{291CFCC6-C000-4089-8971-3D1E26A20770}.Debug|x86.Deploy.0 = Debug|Any CPU
		{291CFCC6-C000-4089-8971-3D1E26A20770}.Release|Any CPU.ActiveCfg = Release|Any CPU
		{291CFCC6-C000-4089-8971-3D1E26A20770}.Release|Any CPU.Build.0 = Release|Any CPU
		{291CFCC6-C000-4089-8971-3D1E26A20770}.Release|Any CPU.Deploy.0 = Release|Any CPU
		{291CFCC6-C000-4089-8971-3D1E26A20770}.Release|ARM.ActiveCfg = Release|Any CPU
		{291CFCC6-C000-4089-8971-3D1E26A20770}.Release|ARM.Build.0 = Release|Any CPU
		{291CFCC6-C000-4089-8971-3D1E26A20770}.Release|ARM.Deploy.0 = Release|Any CPU
		{291CFCC6-C000-4089-8971-3D1E26A20770}.Release|iPhone.ActiveCfg = Release|Any CPU
		{291CFCC6-C000-4089-8971-3D1E26A20770}.Release|iPhone.Build.0 = Release|Any CPU
		{291CFCC6-C000-4089-8971-3D1E26A20770}.Release|iPhone.Deploy.0 = Release|Any CPU
		{291CFCC6-C000-4089-8971-3D1E26A20770}.Release|iPhoneSimulator.ActiveCfg = Release|Any CPU
		{291CFCC6-C000-4089-8971-3D1E26A20770}.Release|iPhoneSimulator.Build.0 = Release|Any CPU
		{291CFCC6-C000-4089-8971-3D1E26A20770}.Release|iPhoneSimulator.Deploy.0 = Release|Any CPU
		{291CFCC6-C000-4089-8971-3D1E26A20770}.Release|x64.ActiveCfg = Release|Any CPU
		{291CFCC6-C000-4089-8971-3D1E26A20770}.Release|x64.Build.0 = Release|Any CPU
		{291CFCC6-C000-4089-8971-3D1E26A20770}.Release|x64.Deploy.0 = Release|Any CPU
		{291CFCC6-C000-4089-8971-3D1E26A20770}.Release|x86.ActiveCfg = Release|Any CPU
		{291CFCC6-C000-4089-8971-3D1E26A20770}.Release|x86.Build.0 = Release|Any CPU
		{291CFCC6-C000-4089-8971-3D1E26A20770}.Release|x86.Deploy.0 = Release|Any CPU
		{EB88D8E8-9FC0-4594-A307-2AC038419ECF}.Debug|Any CPU.ActiveCfg = Debug|iPhone
		{EB88D8E8-9FC0-4594-A307-2AC038419ECF}.Debug|Any CPU.Build.0 = Debug|iPhone
		{EB88D8E8-9FC0-4594-A307-2AC038419ECF}.Debug|Any CPU.Deploy.0 = Debug|iPhone
		{EB88D8E8-9FC0-4594-A307-2AC038419ECF}.Debug|ARM.ActiveCfg = Debug|iPhoneSimulator
		{EB88D8E8-9FC0-4594-A307-2AC038419ECF}.Debug|ARM.Build.0 = Debug|iPhoneSimulator
		{EB88D8E8-9FC0-4594-A307-2AC038419ECF}.Debug|ARM.Deploy.0 = Debug|iPhoneSimulator
		{EB88D8E8-9FC0-4594-A307-2AC038419ECF}.Debug|iPhone.ActiveCfg = Debug|iPhone
		{EB88D8E8-9FC0-4594-A307-2AC038419ECF}.Debug|iPhone.Build.0 = Debug|iPhone
		{EB88D8E8-9FC0-4594-A307-2AC038419ECF}.Debug|iPhone.Deploy.0 = Debug|iPhone
		{EB88D8E8-9FC0-4594-A307-2AC038419ECF}.Debug|iPhoneSimulator.ActiveCfg = Debug|iPhoneSimulator
		{EB88D8E8-9FC0-4594-A307-2AC038419ECF}.Debug|iPhoneSimulator.Build.0 = Debug|iPhoneSimulator
		{EB88D8E8-9FC0-4594-A307-2AC038419ECF}.Debug|iPhoneSimulator.Deploy.0 = Debug|iPhoneSimulator
		{EB88D8E8-9FC0-4594-A307-2AC038419ECF}.Debug|x64.ActiveCfg = Debug|iPhone
		{EB88D8E8-9FC0-4594-A307-2AC038419ECF}.Debug|x64.Build.0 = Debug|iPhone
		{EB88D8E8-9FC0-4594-A307-2AC038419ECF}.Debug|x64.Deploy.0 = Debug|iPhone
		{EB88D8E8-9FC0-4594-A307-2AC038419ECF}.Debug|x86.ActiveCfg = Debug|iPhone
		{EB88D8E8-9FC0-4594-A307-2AC038419ECF}.Debug|x86.Build.0 = Debug|iPhone
		{EB88D8E8-9FC0-4594-A307-2AC038419ECF}.Debug|x86.Deploy.0 = Debug|iPhone
		{EB88D8E8-9FC0-4594-A307-2AC038419ECF}.Release|Any CPU.ActiveCfg = Release|iPhone
		{EB88D8E8-9FC0-4594-A307-2AC038419ECF}.Release|Any CPU.Build.0 = Release|iPhone
		{EB88D8E8-9FC0-4594-A307-2AC038419ECF}.Release|Any CPU.Deploy.0 = Release|iPhone
		{EB88D8E8-9FC0-4594-A307-2AC038419ECF}.Release|ARM.ActiveCfg = Release|iPhone
		{EB88D8E8-9FC0-4594-A307-2AC038419ECF}.Release|ARM.Build.0 = Release|iPhone
		{EB88D8E8-9FC0-4594-A307-2AC038419ECF}.Release|ARM.Deploy.0 = Release|iPhone
		{EB88D8E8-9FC0-4594-A307-2AC038419ECF}.Release|iPhone.ActiveCfg = Release|iPhone
		{EB88D8E8-9FC0-4594-A307-2AC038419ECF}.Release|iPhone.Build.0 = Release|iPhone
		{EB88D8E8-9FC0-4594-A307-2AC038419ECF}.Release|iPhone.Deploy.0 = Release|iPhone
		{EB88D8E8-9FC0-4594-A307-2AC038419ECF}.Release|iPhoneSimulator.ActiveCfg = Release|iPhoneSimulator
		{EB88D8E8-9FC0-4594-A307-2AC038419ECF}.Release|iPhoneSimulator.Build.0 = Release|iPhoneSimulator
		{EB88D8E8-9FC0-4594-A307-2AC038419ECF}.Release|iPhoneSimulator.Deploy.0 = Release|iPhoneSimulator
		{EB88D8E8-9FC0-4594-A307-2AC038419ECF}.Release|x64.ActiveCfg = Release|iPhone
		{EB88D8E8-9FC0-4594-A307-2AC038419ECF}.Release|x64.Build.0 = Release|iPhone
		{EB88D8E8-9FC0-4594-A307-2AC038419ECF}.Release|x64.Deploy.0 = Release|iPhone
		{EB88D8E8-9FC0-4594-A307-2AC038419ECF}.Release|x86.ActiveCfg = Release|iPhone
		{EB88D8E8-9FC0-4594-A307-2AC038419ECF}.Release|x86.Build.0 = Release|iPhone
		{EB88D8E8-9FC0-4594-A307-2AC038419ECF}.Release|x86.Deploy.0 = Release|iPhone
		{1DA44960-EB41-4F11-BDCA-90D1D569BA47}.Debug|Any CPU.ActiveCfg = Debug|Any CPU
		{1DA44960-EB41-4F11-BDCA-90D1D569BA47}.Debug|Any CPU.Build.0 = Debug|Any CPU
		{1DA44960-EB41-4F11-BDCA-90D1D569BA47}.Debug|Any CPU.Deploy.0 = Debug|Any CPU
		{1DA44960-EB41-4F11-BDCA-90D1D569BA47}.Debug|ARM.ActiveCfg = Debug|Any CPU
		{1DA44960-EB41-4F11-BDCA-90D1D569BA47}.Debug|ARM.Build.0 = Debug|Any CPU
		{1DA44960-EB41-4F11-BDCA-90D1D569BA47}.Debug|ARM.Deploy.0 = Debug|Any CPU
		{1DA44960-EB41-4F11-BDCA-90D1D569BA47}.Debug|iPhone.ActiveCfg = Debug|Any CPU
		{1DA44960-EB41-4F11-BDCA-90D1D569BA47}.Debug|iPhone.Build.0 = Debug|Any CPU
		{1DA44960-EB41-4F11-BDCA-90D1D569BA47}.Debug|iPhone.Deploy.0 = Debug|Any CPU
		{1DA44960-EB41-4F11-BDCA-90D1D569BA47}.Debug|iPhoneSimulator.ActiveCfg = Debug|Any CPU
		{1DA44960-EB41-4F11-BDCA-90D1D569BA47}.Debug|iPhoneSimulator.Build.0 = Debug|Any CPU
		{1DA44960-EB41-4F11-BDCA-90D1D569BA47}.Debug|iPhoneSimulator.Deploy.0 = Debug|Any CPU
		{1DA44960-EB41-4F11-BDCA-90D1D569BA47}.Debug|x64.ActiveCfg = Debug|Any CPU
		{1DA44960-EB41-4F11-BDCA-90D1D569BA47}.Debug|x64.Build.0 = Debug|Any CPU
		{1DA44960-EB41-4F11-BDCA-90D1D569BA47}.Debug|x64.Deploy.0 = Debug|Any CPU
		{1DA44960-EB41-4F11-BDCA-90D1D569BA47}.Debug|x86.ActiveCfg = Debug|Any CPU
		{1DA44960-EB41-4F11-BDCA-90D1D569BA47}.Debug|x86.Build.0 = Debug|Any CPU
		{1DA44960-EB41-4F11-BDCA-90D1D569BA47}.Debug|x86.Deploy.0 = Debug|Any CPU
		{1DA44960-EB41-4F11-BDCA-90D1D569BA47}.Release|Any CPU.ActiveCfg = Release|Any CPU
		{1DA44960-EB41-4F11-BDCA-90D1D569BA47}.Release|Any CPU.Build.0 = Release|Any CPU
		{1DA44960-EB41-4F11-BDCA-90D1D569BA47}.Release|Any CPU.Deploy.0 = Release|Any CPU
		{1DA44960-EB41-4F11-BDCA-90D1D569BA47}.Release|ARM.ActiveCfg = Release|Any CPU
		{1DA44960-EB41-4F11-BDCA-90D1D569BA47}.Release|ARM.Build.0 = Release|Any CPU
		{1DA44960-EB41-4F11-BDCA-90D1D569BA47}.Release|ARM.Deploy.0 = Release|Any CPU
		{1DA44960-EB41-4F11-BDCA-90D1D569BA47}.Release|iPhone.ActiveCfg = Release|Any CPU
		{1DA44960-EB41-4F11-BDCA-90D1D569BA47}.Release|iPhone.Build.0 = Release|Any CPU
		{1DA44960-EB41-4F11-BDCA-90D1D569BA47}.Release|iPhone.Deploy.0 = Release|Any CPU
		{1DA44960-EB41-4F11-BDCA-90D1D569BA47}.Release|iPhoneSimulator.ActiveCfg = Release|Any CPU
		{1DA44960-EB41-4F11-BDCA-90D1D569BA47}.Release|iPhoneSimulator.Build.0 = Release|Any CPU
		{1DA44960-EB41-4F11-BDCA-90D1D569BA47}.Release|iPhoneSimulator.Deploy.0 = Release|Any CPU
		{1DA44960-EB41-4F11-BDCA-90D1D569BA47}.Release|x64.ActiveCfg = Release|Any CPU
		{1DA44960-EB41-4F11-BDCA-90D1D569BA47}.Release|x64.Build.0 = Release|Any CPU
		{1DA44960-EB41-4F11-BDCA-90D1D569BA47}.Release|x64.Deploy.0 = Release|Any CPU
		{1DA44960-EB41-4F11-BDCA-90D1D569BA47}.Release|x86.ActiveCfg = Release|Any CPU
		{1DA44960-EB41-4F11-BDCA-90D1D569BA47}.Release|x86.Build.0 = Release|Any CPU
		{1DA44960-EB41-4F11-BDCA-90D1D569BA47}.Release|x86.Deploy.0 = Release|Any CPU
	EndGlobalSection
	GlobalSection(SolutionProperties) = preSolution
		HideSolutionNode = FALSE
	EndGlobalSection
	GlobalSection(ExtensibilityGlobals) = postSolution
		SolutionGuid = {BB4D7E1A-E1C3-4770-8264-28A6BD64ABA8}
	EndGlobalSection
EndGlobal
